
Microsoft Visual Studio Solution File, Format Version 12.00
# Visual Studio Version 16
VisualStudioVersion = 16.0.31515.178
MinimumVisualStudioVersion = 10.0.40219.1
Project("{9A19103F-16F7-4668-BE54-9A1E7A4F7556}") = "PerfectSound", "PerfectSound\PerfectSound.csproj", "{15EAEA8B-30AE-429E-85BB-6F700ADF4463}"
EndProject
Project("{9A19103F-16F7-4668-BE54-9A1E7A4F7556}") = "PerfectSound.Model", "PerfectSound.Model\PerfectSound.Model.csproj", "{026826C2-8A45-4064-92A7-0BEB882DB853}"
EndProject
Project("{FAE04EC0-301F-11D3-BF4B-00C04F79EFBC}") = "PerfectSound.WinForms", "PerfectSound.WinForms\PerfectSound.WinForms.csproj", "{5D2B778E-768D-4608-826D-5BCC3E6B530A}"
EndProject
Project("{FAE04EC0-301F-11D3-BF4B-00C04F79EFBC}") = "PerfectSound.MobileUI.UWP", "PerfectSound.MobileUI\PerfectSound.MobileUI.UWP\PerfectSound.MobileUI.UWP.csproj", "{139D6472-731F-4696-9007-C0ED7AC267B0}"
EndProject
Project("{FAE04EC0-301F-11D3-BF4B-00C04F79EFBC}") = "PerfectSound.MobileUI.Android", "PerfectSound.MobileUI\PerfectSound.MobileUI.Android\PerfectSound.MobileUI.Android.csproj", "{45F7E93A-47E5-4CAB-8D54-8FA51DAAE220}"
EndProject
Project("{FAE04EC0-301F-11D3-BF4B-00C04F79EFBC}") = "PerfectSound.MobileUI.iOS", "PerfectSound.MobileUI\PerfectSound.MobileUI.iOS\PerfectSound.MobileUI.iOS.csproj", "{5B26A70F-426B-424D-A8C3-53210618FFFE}"
EndProject
Project("{FAE04EC0-301F-11D3-BF4B-00C04F79EFBC}") = "PerfectSound.MobileUI", "PerfectSound.MobileUI\PerfectSound.MobileUI\PerfectSound.MobileUI.csproj", "{4688E591-A24B-4675-BF58-480266F88D4D}"
EndProject
Global
	GlobalSection(SolutionConfigurationPlatforms) = preSolution
		Debug|Any CPU = Debug|Any CPU
		Debug|ARM = Debug|ARM
		Debug|iPhone = Debug|iPhone
		Debug|iPhoneSimulator = Debug|iPhoneSimulator
		Debug|x64 = Debug|x64
		Debug|x86 = Debug|x86
		Release|Any CPU = Release|Any CPU
		Release|ARM = Release|ARM
		Release|iPhone = Release|iPhone
		Release|iPhoneSimulator = Release|iPhoneSimulator
		Release|x64 = Release|x64
		Release|x86 = Release|x86
	EndGlobalSection
	GlobalSection(ProjectConfigurationPlatforms) = postSolution
		{15EAEA8B-30AE-429E-85BB-6F700ADF4463}.Debug|Any CPU.ActiveCfg = Debug|Any CPU
		{15EAEA8B-30AE-429E-85BB-6F700ADF4463}.Debug|Any CPU.Build.0 = Debug|Any CPU
		{15EAEA8B-30AE-429E-85BB-6F700ADF4463}.Debug|ARM.ActiveCfg = Debug|Any CPU
		{15EAEA8B-30AE-429E-85BB-6F700ADF4463}.Debug|ARM.Build.0 = Debug|Any CPU
		{15EAEA8B-30AE-429E-85BB-6F700ADF4463}.Debug|iPhone.ActiveCfg = Debug|Any CPU
		{15EAEA8B-30AE-429E-85BB-6F700ADF4463}.Debug|iPhone.Build.0 = Debug|Any CPU
		{15EAEA8B-30AE-429E-85BB-6F700ADF4463}.Debug|iPhoneSimulator.ActiveCfg = Debug|Any CPU
		{15EAEA8B-30AE-429E-85BB-6F700ADF4463}.Debug|iPhoneSimulator.Build.0 = Debug|Any CPU
		{15EAEA8B-30AE-429E-85BB-6F700ADF4463}.Debug|x64.ActiveCfg = Debug|Any CPU
		{15EAEA8B-30AE-429E-85BB-6F700ADF4463}.Debug|x64.Build.0 = Debug|Any CPU
		{15EAEA8B-30AE-429E-85BB-6F700ADF4463}.Debug|x86.ActiveCfg = Debug|Any CPU
		{15EAEA8B-30AE-429E-85BB-6F700ADF4463}.Debug|x86.Build.0 = Debug|Any CPU
		{15EAEA8B-30AE-429E-85BB-6F700ADF4463}.Release|Any CPU.ActiveCfg = Release|Any CPU
		{15EAEA8B-30AE-429E-85BB-6F700ADF4463}.Release|Any CPU.Build.0 = Release|Any CPU
		{15EAEA8B-30AE-429E-85BB-6F700ADF4463}.Release|ARM.ActiveCfg = Release|Any CPU
		{15EAEA8B-30AE-429E-85BB-6F700ADF4463}.Release|ARM.Build.0 = Release|Any CPU
		{15EAEA8B-30AE-429E-85BB-6F700ADF4463}.Release|iPhone.ActiveCfg = Release|Any CPU
		{15EAEA8B-30AE-429E-85BB-6F700ADF4463}.Release|iPhone.Build.0 = Release|Any CPU
		{15EAEA8B-30AE-429E-85BB-6F700ADF4463}.Release|iPhoneSimulator.ActiveCfg = Release|Any CPU
		{15EAEA8B-30AE-429E-85BB-6F700ADF4463}.Release|iPhoneSimulator.Build.0 = Release|Any CPU
		{15EAEA8B-30AE-429E-85BB-6F700ADF4463}.Release|x64.ActiveCfg = Release|Any CPU
		{15EAEA8B-30AE-429E-85BB-6F700ADF4463}.Release|x64.Build.0 = Release|Any CPU
		{15EAEA8B-30AE-429E-85BB-6F700ADF4463}.Release|x86.ActiveCfg = Release|Any CPU
		{15EAEA8B-30AE-429E-85BB-6F700ADF4463}.Release|x86.Build.0 = Release|Any CPU
		{026826C2-8A45-4064-92A7-0BEB882DB853}.Debug|Any CPU.ActiveCfg = Debug|Any CPU
		{026826C2-8A45-4064-92A7-0BEB882DB853}.Debug|Any CPU.Build.0 = Debug|Any CPU
		{026826C2-8A45-4064-92A7-0BEB882DB853}.Debug|ARM.ActiveCfg = Debug|Any CPU
		{026826C2-8A45-4064-92A7-0BEB882DB853}.Debug|ARM.Build.0 = Debug|Any CPU
		{026826C2-8A45-4064-92A7-0BEB882DB853}.Debug|iPhone.ActiveCfg = Debug|Any CPU
		{026826C2-8A45-4064-92A7-0BEB882DB853}.Debug|iPhone.Build.0 = Debug|Any CPU
		{026826C2-8A45-4064-92A7-0BEB882DB853}.Debug|iPhoneSimulator.ActiveCfg = Debug|Any CPU
		{026826C2-8A45-4064-92A7-0BEB882DB853}.Debug|iPhoneSimulator.Build.0 = Debug|Any CPU
		{026826C2-8A45-4064-92A7-0BEB882DB853}.Debug|x64.ActiveCfg = Debug|Any CPU
		{026826C2-8A45-4064-92A7-0BEB882DB853}.Debug|x64.Build.0 = Debug|Any CPU
		{026826C2-8A45-4064-92A7-0BEB882DB853}.Debug|x86.ActiveCfg = Debug|Any CPU
		{026826C2-8A45-4064-92A7-0BEB882DB853}.Debug|x86.Build.0 = Debug|Any CPU
		{026826C2-8A45-4064-92A7-0BEB882DB853}.Release|Any CPU.ActiveCfg = Release|Any CPU
		{026826C2-8A45-4064-92A7-0BEB882DB853}.Release|Any CPU.Build.0 = Release|Any CPU
		{026826C2-8A45-4064-92A7-0BEB882DB853}.Release|ARM.ActiveCfg = Release|Any CPU
		{026826C2-8A45-4064-92A7-0BEB882DB853}.Release|ARM.Build.0 = Release|Any CPU
		{026826C2-8A45-4064-92A7-0BEB882DB853}.Release|iPhone.ActiveCfg = Release|Any CPU
		{026826C2-8A45-4064-92A7-0BEB882DB853}.Release|iPhone.Build.0 = Release|Any CPU
		{026826C2-8A45-4064-92A7-0BEB882DB853}.Release|iPhoneSimulator.ActiveCfg = Release|Any CPU
		{026826C2-8A45-4064-92A7-0BEB882DB853}.Release|iPhoneSimulator.Build.0 = Release|Any CPU
		{026826C2-8A45-4064-92A7-0BEB882DB853}.Release|x64.ActiveCfg = Release|Any CPU
		{026826C2-8A45-4064-92A7-0BEB882DB853}.Release|x64.Build.0 = Release|Any CPU
		{026826C2-8A45-4064-92A7-0BEB882DB853}.Release|x86.ActiveCfg = Release|Any CPU
		{026826C2-8A45-4064-92A7-0BEB882DB853}.Release|x86.Build.0 = Release|Any CPU
		{5D2B778E-768D-4608-826D-5BCC3E6B530A}.Debug|Any CPU.ActiveCfg = Debug|Any CPU
		{5D2B778E-768D-4608-826D-5BCC3E6B530A}.Debug|Any CPU.Build.0 = Debug|Any CPU
		{5D2B778E-768D-4608-826D-5BCC3E6B530A}.Debug|ARM.ActiveCfg = Debug|Any CPU
		{5D2B778E-768D-4608-826D-5BCC3E6B530A}.Debug|ARM.Build.0 = Debug|Any CPU
		{5D2B778E-768D-4608-826D-5BCC3E6B530A}.Debug|iPhone.ActiveCfg = Debug|Any CPU
		{5D2B778E-768D-4608-826D-5BCC3E6B530A}.Debug|iPhone.Build.0 = Debug|Any CPU
		{5D2B778E-768D-4608-826D-5BCC3E6B530A}.Debug|iPhoneSimulator.ActiveCfg = Debug|Any CPU
		{5D2B778E-768D-4608-826D-5BCC3E6B530A}.Debug|iPhoneSimulator.Build.0 = Debug|Any CPU
		{5D2B778E-768D-4608-826D-5BCC3E6B530A}.Debug|x64.ActiveCfg = Debug|Any CPU
		{5D2B778E-768D-4608-826D-5BCC3E6B530A}.Debug|x64.Build.0 = Debug|Any CPU
		{5D2B778E-768D-4608-826D-5BCC3E6B530A}.Debug|x86.ActiveCfg = Debug|Any CPU
		{5D2B778E-768D-4608-826D-5BCC3E6B530A}.Debug|x86.Build.0 = Debug|Any CPU
		{5D2B778E-768D-4608-826D-5BCC3E6B530A}.Release|Any CPU.ActiveCfg = Release|Any CPU
		{5D2B778E-768D-4608-826D-5BCC3E6B530A}.Release|Any CPU.Build.0 = Release|Any CPU
		{5D2B778E-768D-4608-826D-5BCC3E6B530A}.Release|ARM.ActiveCfg = Release|Any CPU
		{5D2B778E-768D-4608-826D-5BCC3E6B530A}.Release|ARM.Build.0 = Release|Any CPU
		{5D2B778E-768D-4608-826D-5BCC3E6B530A}.Release|iPhone.ActiveCfg = Release|Any CPU
		{5D2B778E-768D-4608-826D-5BCC3E6B530A}.Release|iPhone.Build.0 = Release|Any CPU
		{5D2B778E-768D-4608-826D-5BCC3E6B530A}.Release|iPhoneSimulator.ActiveCfg = Release|Any CPU
		{5D2B778E-768D-4608-826D-5BCC3E6B530A}.Release|iPhoneSimulator.Build.0 = Release|Any CPU
		{5D2B778E-768D-4608-826D-5BCC3E6B530A}.Release|x64.ActiveCfg = Release|Any CPU
		{5D2B778E-768D-4608-826D-5BCC3E6B530A}.Release|x64.Build.0 = Release|Any CPU
		{5D2B778E-768D-4608-826D-5BCC3E6B530A}.Release|x86.ActiveCfg = Release|Any CPU
		{5D2B778E-768D-4608-826D-5BCC3E6B530A}.Release|x86.Build.0 = Release|Any CPU
		{139D6472-731F-4696-9007-C0ED7AC267B0}.Debug|Any CPU.ActiveCfg = Debug|x86
		{139D6472-731F-4696-9007-C0ED7AC267B0}.Debug|ARM.ActiveCfg = Debug|ARM
		{139D6472-731F-4696-9007-C0ED7AC267B0}.Debug|ARM.Build.0 = Debug|ARM
		{139D6472-731F-4696-9007-C0ED7AC267B0}.Debug|ARM.Deploy.0 = Debug|ARM
		{139D6472-731F-4696-9007-C0ED7AC267B0}.Debug|iPhone.ActiveCfg = Debug|x86
		{139D6472-731F-4696-9007-C0ED7AC267B0}.Debug|iPhoneSimulator.ActiveCfg = Debug|x86
		{139D6472-731F-4696-9007-C0ED7AC267B0}.Debug|x64.ActiveCfg = Debug|x64
		{139D6472-731F-4696-9007-C0ED7AC267B0}.Debug|x64.Build.0 = Debug|x64
		{139D6472-731F-4696-9007-C0ED7AC267B0}.Debug|x64.Deploy.0 = Debug|x64
		{139D6472-731F-4696-9007-C0ED7AC267B0}.Debug|x86.ActiveCfg = Debug|x86
		{139D6472-731F-4696-9007-C0ED7AC267B0}.Debug|x86.Build.0 = Debug|x86
		{139D6472-731F-4696-9007-C0ED7AC267B0}.Debug|x86.Deploy.0 = Debug|x86
		{139D6472-731F-4696-9007-C0ED7AC267B0}.Release|Any CPU.ActiveCfg = Release|x86
		{139D6472-731F-4696-9007-C0ED7AC267B0}.Release|ARM.ActiveCfg = Release|ARM
		{139D6472-731F-4696-9007-C0ED7AC267B0}.Release|ARM.Build.0 = Release|ARM
		{139D6472-731F-4696-9007-C0ED7AC267B0}.Release|ARM.Deploy.0 = Release|ARM
		{139D6472-731F-4696-9007-C0ED7AC267B0}.Release|iPhone.ActiveCfg = Release|x86
		{139D6472-731F-4696-9007-C0ED7AC267B0}.Release|iPhoneSimulator.ActiveCfg = Release|x86
		{139D6472-731F-4696-9007-C0ED7AC267B0}.Release|x64.ActiveCfg = Release|x64
		{139D6472-731F-4696-9007-C0ED7AC267B0}.Release|x64.Build.0 = Release|x64
		{139D6472-731F-4696-9007-C0ED7AC267B0}.Release|x64.Deploy.0 = Release|x64
		{139D6472-731F-4696-9007-C0ED7AC267B0}.Release|x86.ActiveCfg = Release|x86
		{139D6472-731F-4696-9007-C0ED7AC267B0}.Release|x86.Build.0 = Release|x86
		{139D6472-731F-4696-9007-C0ED7AC267B0}.Release|x86.Deploy.0 = Release|x86
		{45F7E93A-47E5-4CAB-8D54-8FA51DAAE220}.Debug|Any CPU.ActiveCfg = Debug|Any CPU
		{45F7E93A-47E5-4CAB-8D54-8FA51DAAE220}.Debug|Any CPU.Build.0 = Debug|Any CPU
		{45F7E93A-47E5-4CAB-8D54-8FA51DAAE220}.Debug|Any CPU.Deploy.0 = Debug|Any CPU
		{45F7E93A-47E5-4CAB-8D54-8FA51DAAE220}.Debug|ARM.ActiveCfg = Debug|Any CPU
		{45F7E93A-47E5-4CAB-8D54-8FA51DAAE220}.Debug|ARM.Build.0 = Debug|Any CPU
		{45F7E93A-47E5-4CAB-8D54-8FA51DAAE220}.Debug|ARM.Deploy.0 = Debug|Any CPU
		{45F7E93A-47E5-4CAB-8D54-8FA51DAAE220}.Debug|iPhone.ActiveCfg = Debug|Any CPU
		{45F7E93A-47E5-4CAB-8D54-8FA51DAAE220}.Debug|iPhone.Build.0 = Debug|Any CPU
		{45F7E93A-47E5-4CAB-8D54-8FA51DAAE220}.Debug|iPhone.Deploy.0 = Debug|Any CPU
		{45F7E93A-47E5-4CAB-8D54-8FA51DAAE220}.Debug|iPhoneSimulator.ActiveCfg = Debug|Any CPU
		{45F7E93A-47E5-4CAB-8D54-8FA51DAAE220}.Debug|iPhoneSimulator.Build.0 = Debug|Any CPU
		{45F7E93A-47E5-4CAB-8D54-8FA51DAAE220}.Debug|iPhoneSimulator.Deploy.0 = Debug|Any CPU
		{45F7E93A-47E5-4CAB-8D54-8FA51DAAE220}.Debug|x64.ActiveCfg = Debug|Any CPU
		{45F7E93A-47E5-4CAB-8D54-8FA51DAAE220}.Debug|x64.Build.0 = Debug|Any CPU
		{45F7E93A-47E5-4CAB-8D54-8FA51DAAE220}.Debug|x64.Deploy.0 = Debug|Any CPU
		{45F7E93A-47E5-4CAB-8D54-8FA51DAAE220}.Debug|x86.ActiveCfg = Debug|Any CPU
		{45F7E93A-47E5-4CAB-8D54-8FA51DAAE220}.Debug|x86.Build.0 = Debug|Any CPU
		{45F7E93A-47E5-4CAB-8D54-8FA51DAAE220}.Debug|x86.Deploy.0 = Debug|Any CPU
		{45F7E93A-47E5-4CAB-8D54-8FA51DAAE220}.Release|Any CPU.ActiveCfg = Release|Any CPU
		{45F7E93A-47E5-4CAB-8D54-8FA51DAAE220}.Release|Any CPU.Build.0 = Release|Any CPU
		{45F7E93A-47E5-4CAB-8D54-8FA51DAAE220}.Release|Any CPU.Deploy.0 = Release|Any CPU
		{45F7E93A-47E5-4CAB-8D54-8FA51DAAE220}.Release|ARM.ActiveCfg = Release|Any CPU
		{45F7E93A-47E5-4CAB-8D54-8FA51DAAE220}.Release|ARM.Build.0 = Release|Any CPU
		{45F7E93A-47E5-4CAB-8D54-8FA51DAAE220}.Release|ARM.Deploy.0 = Release|Any CPU
		{45F7E93A-47E5-4CAB-8D54-8FA51DAAE220}.Release|iPhone.ActiveCfg = Release|Any CPU
		{45F7E93A-47E5-4CAB-8D54-8FA51DAAE220}.Release|iPhone.Build.0 = Release|Any CPU
		{45F7E93A-47E5-4CAB-8D54-8FA51DAAE220}.Release|iPhone.Deploy.0 = Release|Any CPU
		{45F7E93A-47E5-4CAB-8D54-8FA51DAAE220}.Release|iPhoneSimulator.ActiveCfg = Release|Any CPU
		{45F7E93A-47E5-4CAB-8D54-8FA51DAAE220}.Release|iPhoneSimulator.Build.0 = Release|Any CPU
		{45F7E93A-47E5-4CAB-8D54-8FA51DAAE220}.Release|iPhoneSimulator.Deploy.0 = Release|Any CPU
		{45F7E93A-47E5-4CAB-8D54-8FA51DAAE220}.Release|x64.ActiveCfg = Release|Any CPU
		{45F7E93A-47E5-4CAB-8D54-8FA51DAAE220}.Release|x64.Build.0 = Release|Any CPU
		{45F7E93A-47E5-4CAB-8D54-8FA51DAAE220}.Release|x64.Deploy.0 = Release|Any CPU
		{45F7E93A-47E5-4CAB-8D54-8FA51DAAE220}.Release|x86.ActiveCfg = Release|Any CPU
		{45F7E93A-47E5-4CAB-8D54-8FA51DAAE220}.Release|x86.Build.0 = Release|Any CPU
		{45F7E93A-47E5-4CAB-8D54-8FA51DAAE220}.Release|x86.Deploy.0 = Release|Any CPU
		{5B26A70F-426B-424D-A8C3-53210618FFFE}.Debug|Any CPU.ActiveCfg = Debug|iPhoneSimulator
		{5B26A70F-426B-424D-A8C3-53210618FFFE}.Debug|ARM.ActiveCfg = Debug|iPhoneSimulator
		{5B26A70F-426B-424D-A8C3-53210618FFFE}.Debug|iPhone.ActiveCfg = Debug|iPhone
		{5B26A70F-426B-424D-A8C3-53210618FFFE}.Debug|iPhone.Build.0 = Debug|iPhone
		{5B26A70F-426B-424D-A8C3-53210618FFFE}.Debug|iPhoneSimulator.ActiveCfg = Debug|iPhoneSimulator
		{5B26A70F-426B-424D-A8C3-53210618FFFE}.Debug|iPhoneSimulator.Build.0 = Debug|iPhoneSimulator
		{5B26A70F-426B-424D-A8C3-53210618FFFE}.Debug|x64.ActiveCfg = Debug|iPhoneSimulator
		{5B26A70F-426B-424D-A8C3-53210618FFFE}.Debug|x86.ActiveCfg = Debug|iPhoneSimulator
		{5B26A70F-426B-424D-A8C3-53210618FFFE}.Release|Any CPU.ActiveCfg = Release|iPhoneSimulator
		{5B26A70F-426B-424D-A8C3-53210618FFFE}.Release|ARM.ActiveCfg = Release|iPhoneSimulator
		{5B26A70F-426B-424D-A8C3-53210618FFFE}.Release|iPhone.ActiveCfg = Release|iPhone
		{5B26A70F-426B-424D-A8C3-53210618FFFE}.Release|iPhone.Build.0 = Release|iPhone
		{5B26A70F-426B-424D-A8C3-53210618FFFE}.Release|iPhoneSimulator.ActiveCfg = Release|iPhoneSimulator
		{5B26A70F-426B-424D-A8C3-53210618FFFE}.Release|iPhoneSimulator.Build.0 = Release|iPhoneSimulator
		{5B26A70F-426B-424D-A8C3-53210618FFFE}.Release|x64.ActiveCfg = Release|iPhoneSimulator
		{5B26A70F-426B-424D-A8C3-53210618FFFE}.Release|x86.ActiveCfg = Release|iPhoneSimulator
		{4688E591-A24B-4675-BF58-480266F88D4D}.Debug|Any CPU.ActiveCfg = Debug|Any CPU
		{4688E591-A24B-4675-BF58-480266F88D4D}.Debug|Any CPU.Build.0 = Debug|Any CPU
		{4688E591-A24B-4675-BF58-480266F88D4D}.Debug|ARM.ActiveCfg = Debug|Any CPU
		{4688E591-A24B-4675-BF58-480266F88D4D}.Debug|ARM.Build.0 = Debug|Any CPU
		{4688E591-A24B-4675-BF58-480266F88D4D}.Debug|iPhone.ActiveCfg = Debug|Any CPU
		{4688E591-A24B-4675-BF58-480266F88D4D}.Debug|iPhone.Build.0 = Debug|Any CPU
		{4688E591-A24B-4675-BF58-480266F88D4D}.Debug|iPhoneSimulator.ActiveCfg = Debug|Any CPU
		{4688E591-A24B-4675-BF58-480266F88D4D}.Debug|iPhoneSimulator.Build.0 = Debug|Any CPU
		{4688E591-A24B-4675-BF58-480266F88D4D}.Debug|x64.ActiveCfg = Debug|Any CPU
		{4688E591-A24B-4675-BF58-480266F88D4D}.Debug|x64.Build.0 = Debug|Any CPU
		{4688E591-A24B-4675-BF58-480266F88D4D}.Debug|x86.ActiveCfg = Debug|Any CPU
		{4688E591-A24B-4675-BF58-480266F88D4D}.Debug|x86.Build.0 = Debug|Any CPU
		{4688E591-A24B-4675-BF58-480266F88D4D}.Release|Any CPU.ActiveCfg = Release|Any CPU
		{4688E591-A24B-4675-BF58-480266F88D4D}.Release|Any CPU.Build.0 = Release|Any CPU
		{4688E591-A24B-4675-BF58-480266F88D4D}.Release|ARM.ActiveCfg = Release|Any CPU
		{4688E591-A24B-4675-BF58-480266F88D4D}.Release|ARM.Build.0 = Release|Any CPU
		{4688E591-A24B-4675-BF58-480266F88D4D}.Release|iPhone.ActiveCfg = Release|Any CPU
		{4688E591-A24B-4675-BF58-480266F88D4D}.Release|iPhone.Build.0 = Release|Any CPU
		{4688E591-A24B-4675-BF58-480266F88D4D}.Release|iPhoneSimulator.ActiveCfg = Release|Any CPU
		{4688E591-A24B-4675-BF58-480266F88D4D}.Release|iPhoneSimulator.Build.0 = Release|Any CPU
		{4688E591-A24B-4675-BF58-480266F88D4D}.Release|x64.ActiveCfg = Release|Any CPU
		{4688E591-A24B-4675-BF58-480266F88D4D}.Release|x64.Build.0 = Release|Any CPU
		{4688E591-A24B-4675-BF58-480266F88D4D}.Release|x86.ActiveCfg = Release|Any CPU
		{4688E591-A24B-4675-BF58-480266F88D4D}.Release|x86.Build.0 = Release|Any CPU
	EndGlobalSection
	GlobalSection(SolutionProperties) = preSolution
		HideSolutionNode = FALSE
	EndGlobalSection
	GlobalSection(ExtensibilityGlobals) = postSolution
		SolutionGuid = {CA032524-0AF8-4DFC-BA0F-35BACC6AE8AA}
	EndGlobalSection
EndGlobal
